
Microsoft Visual Studio Solution File, Format Version 12.00
# Visual Studio Version 17
VisualStudioVersion = 17.14.36301.6 d17.14
MinimumVisualStudioVersion = 10.0.40219.1
Project("{FAE04EC0-301F-11D3-BF4B-00C04F79EFBC}") = "multipleChoice", "multipleChoice.csproj", "{C6100822-2BDD-4F3B-99CC-1CFEA85D8BF4}"
EndProject
Global
	GlobalSection(SolutionConfigurationPlatforms) = preSolution
		Debug|Any CPU = Debug|Any CPU
		Release|Any CPU = Release|Any CPU
	EndGlobalSection
	GlobalSection(ProjectConfigurationPlatforms) = postSolution
		{C6100822-2BDD-4F3B-99CC-1CFEA85D8BF4}.Debug|Any CPU.ActiveCfg = Debug|Any CPU
		{C6100822-2BDD-4F3B-99CC-1CFEA85D8BF4}.Debug|Any CPU.Build.0 = Debug|Any CPU
		{C6100822-2BDD-4F3B-99CC-1CFEA85D8BF4}.Release|Any CPU.ActiveCfg = Release|Any CPU
		{C6100822-2BDD-4F3B-99CC-1CFEA85D8BF4}.Release|Any CPU.Build.0 = Release|Any CPU
	EndGlobalSection
	GlobalSection(SolutionProperties) = preSolution
		HideSolutionNode = FALSE
	EndGlobalSection
	GlobalSection(ExtensibilityGlobals) = postSolution
		SolutionGuid = {D6183FC2-400A-405D-B529-AC231E74D58F}
	EndGlobalSection
EndGlobal
